Microsoft Visual Studio Solution File, Format Version 12.00
# Visual Studio Version 17
VisualStudioVersion = 17.5.2.0
MinimumVisualStudioVersion = 10.0.40219.1
Project("{FAE04EC0-301F-11D3-BF4B-00C04F79EFBC}") = "back-educonnect", "back-educonnect.csproj", "{28B25F25-2B70-C68C-C392-0EFCEEE2E29C}"
EndProject
Global
	GlobalSection(SolutionConfigurationPlatforms) = preSolution
		Debug|Any CPU = Debug|Any CPU
		Release|Any CPU = Release|Any CPU
	EndGlobalSection
	GlobalSection(ProjectConfigurationPlatforms) = postSolution
		{28B25F25-2B70-C68C-C392-0EFCEEE2E29C}.Debug|Any CPU.ActiveCfg = Debug|Any CPU
		{28B25F25-2B70-C68C-C392-0EFCEEE2E29C}.Debug|Any CPU.Build.0 = Debug|Any CPU
		{28B25F25-2B70-C68C-C392-0EFCEEE2E29C}.Release|Any CPU.ActiveCfg = Release|Any CPU
		{28B25F25-2B70-C68C-C392-0EFCEEE2E29C}.Release|Any CPU.Build.0 = Release|Any CPU
	EndGlobalSection
	GlobalSection(SolutionProperties) = preSolution
		HideSolutionNode = FALSE
	EndGlobalSection
	GlobalSection(ExtensibilityGlobals) = postSolution
		SolutionGuid = {19D74B77-0E82-4F65-A699-93A9EEC622A8}
	EndGlobalSection
EndGlobal
